// !$*UTF8*$!
{
	archiveVersion = 1;
	classes = {
	};
	objectVersion = 50;
	objects = {

/* Begin PBXBuildFile section */
		18FC846E253DD813002020AD /* Swift_Simple_GuideApp.swift in Sources */ = {isa = PBXBuildFile; fileRef = 18FC846D253DD813002020AD /* Swift_Simple_GuideApp.swift */; };
		18FC8470253DD813002020AD /* ContentView.swift in Sources */ = {isa = PBXBuildFile; fileRef = 18FC846F253DD813002020AD /* ContentView.swift */; };
		18FC8472253DD815002020AD /* Assets.xcassets in Resources */ = {isa = PBXBuildFile; fileRef = 18FC8471253DD815002020AD /* Assets.xcassets */; };
		18FC8475253DD815002020AD /* Preview Assets.xcassets in Resources */ = {isa = PBXBuildFile; fileRef = 18FC8474253DD815002020AD /* Preview Assets.xcassets */; };
		18FC847F253DDD89002020AD /* DetailPages.swift in Sources */ = {isa = PBXBuildFile; fileRef = 18FC847E253DDD89002020AD /* DetailPages.swift */; };
		18FC8484253E78A6002020AD /* Chapter.swift in Sources */ = {isa = PBXBuildFile; fileRef = 18FC8483253E78A6002020AD /* Chapter.swift */; };
/* End PBXBuildFile section */

/* Begin PBXFileReference section */
		18FC846A253DD813002020AD /* Swift Simple Guide.app */ = {isa = PBXFileReference; explicitFileType = wrapper.application; includeInIndex = 0; path = "Swift Simple Guide.app"; sourceTree = BUILT_PRODUCTS_DIR; };
		18FC846D253DD813002020AD /* Swift_Simple_GuideApp.swift */ = {isa = PBXFileReference; lastKnownFileType = sourcecode.swift; path = Swift_Simple_GuideApp.swift; sourceTree = "<group>"; };
		18FC846F253DD813002020AD /* ContentView.swift */ = {isa = PBXFileReference; lastKnownFileType = sourcecode.swift; path = ContentView.swift; sourceTree = "<group>"; };
		18FC8471253DD815002020AD /* Assets.xcassets */ = {isa = PBXFileReference; lastKnownFileType = folder.assetcatalog; path = Assets.xcassets; sourceTree = "<group>"; };
		18FC8474253DD815002020AD /* Preview Assets.xcassets */ = {isa = PBXFileReference; lastKnownFileType = folder.assetcatalog; path = "Preview Assets.xcassets"; sourceTree = "<group>"; };
		18FC8476253DD815002020AD /* Info.plist */ = {isa = PBXFileReference; lastKnownFileType = text.plist.xml; path = Info.plist; sourceTree = "<group>"; };
		18FC847E253DDD89002020AD /* DetailPages.swift */ = {isa = PBXFileReference; lastKnownFileType = sourcecode.swift; path = DetailPages.swift; sourceTree = "<group>"; };
		18FC8483253E78A6002020AD /* Chapter.swift */ = {isa = PBXFileReference; lastKnownFileType = sourcecode.swift; path = Chapter.swift; sourceTree = "<group>"; };
/* End PBXFileReference section */

/* Begin PBXFrameworksBuildPhase section */
		18FC8467253DD813002020AD /* Frameworks */ = {
			isa = PBXFrameworksBuildPhase;
			buildActionMask = 2147483647;
			files = (
			);
			runOnlyForDeploymentPostprocessing = 0;
		};
/* End PBXFrameworksBuildPhase section */

/* Begin PBXGroup section */
		18FC8461253DD813002020AD = {
			isa = PBXGroup;
			children = (
				18FC846C253DD813002020AD /* Swift Simple Guide */,
				18FC846B253DD813002020AD /* Products */,
			);
			sourceTree = "<group>";
		};
		18FC846B253DD813002020AD /* Products */ = {
			isa = PBXGroup;
			children = (
				18FC846A253DD813002020AD /* Swift Simple Guide.app */,
			);
			name = Products;
			sourceTree = "<group>";
		};
		18FC846C253DD813002020AD /* Swift Simple Guide */ = {
			isa = PBXGroup;
			children = (
				18FC846D253DD813002020AD /* Swift_Simple_GuideApp.swift */,
				18FC846F253DD813002020AD /* ContentView.swift */,
				18FC8482253E787E002020AD /* Models */,
				18FC847D253DDD6C002020AD /* Pages */,
				18FC8471253DD815002020AD /* Assets.xcassets */,
				18FC8476253DD815002020AD /* Info.plist */,
				18FC8473253DD815002020AD /* Preview Content */,
			);
			path = "Swift Simple Guide";
			sourceTree = "<group>";
		};
		18FC8473253DD815002020AD /* Preview Content */ = {
			isa = PBXGroup;
			children = (
				18FC8474253DD815002020AD /* Preview Assets.xcassets */,
			);
			path = "Preview Content";
			sourceTree = "<group>";
		};
		18FC847D253DDD6C002020AD /* Pages */ = {
			isa = PBXGroup;
			children = (
				18FC847E253DDD89002020AD /* DetailPages.swift */,
			);
			path = Pages;
			sourceTree = "<group>";
		};
		18FC8482253E787E002020AD /* Models */ = {
			isa = PBXGroup;
			children = (
				18FC8483253E78A6002020AD /* Chapter.swift */,
			);
			path = Models;
			sourceTree = "<group>";
		};
/* End PBXGroup section */

/* Begin PBXNativeTarget section */
		18FC8469253DD813002020AD /* Swift Simple Guide */ = {
			isa = PBXNativeTarget;
			buildConfigurationList = 18FC8479253DD815002020AD /* Build configuration list for PBXNativeTarget "Swift Simple Guide" */;
			buildPhases = (
				18FC8466253DD813002020AD /* Sources */,
				18FC8467253DD813002020AD /* Frameworks */,
				18FC8468253DD813002020AD /* Resources */,
			);
			buildRules = (
			);
			dependencies = (
			);
			name = "Swift Simple Guide";
			productName = "Swift Simple Guide";
			productReference = 18FC846A253DD813002020AD /* Swift Simple Guide.app */;
			productType = "com.apple.product-type.application";
		};
/* End PBXNativeTarget section */

/* Begin PBXProject section */
		18FC8462253DD813002020AD /* Project object */ = {
			isa = PBXProject;
			attributes = {
				LastSwiftUpdateCheck = 1210;
				LastUpgradeCheck = 1210;
				TargetAttributes = {
					18FC8469253DD813002020AD = {
						CreatedOnToolsVersion = 12.1;
					};
				};
			};
			buildConfigurationList = 18FC8465253DD813002020AD /* Build configuration list for PBXProject "Swift Simple Guide" */;
			compatibilityVersion = "Xcode 9.3";
			developmentRegion = en;
			hasScannedForEncodings = 0;
			knownRegions = (
				en,
				Base,
			);
			mainGroup = 18FC8461253DD813002020AD;
			productRefGroup = 18FC846B253DD813002020AD /* Products */;
			projectDirPath = "";
			projectRoot = "";
			targets = (
				18FC8469253DD813002020AD /* Swift Simple Guide */,
			);
		};
/* End PBXProject section */

/* Begin PBXResourcesBuildPhase section */
		18FC8468253DD813002020AD /* Resources */ = {
			isa = PBXResourcesBuildPhase;
			buildActionMask = 2147483647;
			files = (
				18FC8475253DD815002020AD /* Preview Assets.xcassets in Resources */,
				18FC8472253DD815002020AD /* Assets.xcassets in Resources */,
			);
			runOnlyForDeploymentPostprocessing = 0;
		};
/* End PBXResourcesBuildPhase section */

/* Begin PBXSourcesBuildPhase section */
		18FC8466253DD813002020AD /* Sources */ = {
			isa = PBXSourcesBuildPhase;
			buildActionMask = 2147483647;
			files = (
				18FC8470253DD813002020AD /* ContentView.swift in Sources */,
				18FC846E253DD813002020AD /* Swift_Simple_GuideApp.swift in Sources */,
				18FC847F253DDD89002020AD /* DetailPages.swift in Sources */,
				18FC8484253E78A6002020AD /* Chapter.swift in Sources */,
			);
			runOnlyForDeploymentPostprocessing = 0;
		};
/* End PBXSourcesBuildPhase section */

/* Begin XCBuildConfiguration section */
		18FC8477253DD815002020AD /* Debug */ = {
			isa = XCBuildConfiguration;
			buildSettings = {
				ALWAYS_SEARCH_USER_PATHS = NO;
				CLANG_ANALYZER_NONNULL = YES;
				CLANG_ANALYZER_NUMBER_OBJECT_CONVERSION = YES_AGGRESSIVE;
				CLANG_CXX_LANGUAGE_STANDARD = "gnu++14";
				CLANG_CXX_LIBRARY = "libc++";
				CLANG_ENABLE_MODULES = YES;
				CLANG_ENABLE_OBJC_ARC = YES;
				CLANG_ENABLE_OBJC_WEAK = YES;
				CLANG_WARN_BLOCK_CAPTURE_AUTORELEASING = YES;
				CLANG_WARN_BOOL_CONVERSION = YES;
				CLANG_WARN_COMMA = YES;
				CLANG_WARN_CONSTANT_CONVERSION = YES;
				CLANG_WARN_DEPRECATED_OBJC_IMPLEMENTATIONS = YES;
				CLANG_WARN_DIRECT_OBJC_ISA_USAGE = YES_ERROR;
				CLANG_WARN_DOCUMENTATION_COMMENTS = YES;
				CLANG_WARN_EMPTY_BODY = YES;
				CLANG_WARN_ENUM_CONVERSION = YES;
				CLANG_WARN_INFINITE_RECURSION = YES;
				CLANG_WARN_INT_CONVERSION = YES;
				CLANG_WARN_NON_LITERAL_NULL_CONVERSION = YES;
				CLANG_WARN_OBJC_IMPLICIT_RETAIN_SELF = YES;
				CLANG_WARN_OBJC_LITERAL_CONVERSION = YES;
				CLANG_WARN_OBJC_ROOT_CLASS = YES_ERROR;
				CLANG_WARN_QUOTED_INCLUDE_IN_FRAMEWORK_HEADER = YES;
				CLANG_WARN_RANGE_LOOP_ANALYSIS = YES;
				CLANG_WARN_STRICT_PROTOTYPES = YES;
				CLANG_WARN_SUSPICIOUS_MOVE = YES;
				CLANG_WARN_UNGUARDED_AVAILABILITY = YES_AGGRESSIVE;
				CLANG_WARN_UNREACHABLE_CODE = YES;
				CLANG_WARN__DUPLICATE_METHOD_MATCH = YES;
				COPY_PHASE_STRIP = NO;
				DEBUG_INFORMATION_FORMAT = dwarf;
				ENABLE_STRICT_OBJC_MSGSEND = YES;
				ENABLE_TESTABILITY = YES;
				GCC_C_LANGUAGE_STANDARD = gnu11;
				GCC_DYNAMIC_NO_PIC = NO;
				GCC_NO_COMMON_BLOCKS = YES;
				GCC_OPTIMIZATION_LEVEL = 0;
				GCC_PREPROCESSOR_DEFINITIONS = (
					"DEBUG=1",
					"$(inherited)",
				);
				GCC_WARN_64_TO_32_BIT_CONVERSION = YES;
				GCC_WARN_ABOUT_RETURN_TYPE = YES_ERROR;
				GCC_WARN_UNDECLARED_SELECTOR = YES;
				GCC_WARN_UNINITIALIZED_AUTOS = YES_AGGRESSIVE;
				GCC_WARN_UNUSED_FUNCTION = YES;
				GCC_WARN_UNUSED_VARIABLE = YES;
				IPHONEOS_DEPLOYMENT_TARGET = 14.1;
				MTL_ENABLE_DEBUG_INFO = INCLUDE_SOURCE;
				MTL_FAST_MATH = YES;
				ONLY_ACTIVE_ARCH = YES;
				SDKROOT = iphoneos;
				SWIFT_ACTIVE_COMPILATION_CONDITIONS = DEBUG;
				SWIFT_OPTIMIZATION_LEVEL = "-Onone";
			};
			name = Debug;
		};
		18FC8478253DD815002020AD /* Release */ = {
			isa = XCBuildConfiguration;
			buildSettings = {
				ALWAYS_SEARCH_USER_PATHS = NO;
				CLANG_ANALYZER_NONNULL = YES;
				CLANG_ANALYZER_NUMBER_OBJECT_CONVERSION = YES_AGGRESSIVE;
				CLANG_CXX_LANGUAGE_STANDARD = "gnu++14";
				CLANG_CXX_LIBRARY = "libc++";
				CLANG_ENABLE_MODULES = YES;
				CLANG_ENABLE_OBJC_ARC = YES;
				CLANG_ENABLE_OBJC_WEAK = YES;
				CLANG_WARN_BLOCK_CAPTURE_AUTORELEASING = YES;
				CLANG_WARN_BOOL_CONVERSION = YES;
				CLANG_WARN_COMMA = YES;
				CLANG_WARN_CONSTANT_CONVERSION = YES;
				CLANG_WARN_DEPRECATED_OBJC_IMPLEMENTATIONS = YES;
				CLANG_WARN_DIRECT_OBJC_ISA_USAGE = YES_ERROR;
				CLANG_WARN_DOCUMENTATION_COMMENTS = YES;
				CLANG_WARN_EMPTY_BODY = YES;
				CLANG_WARN_ENUM_CONVERSION = YES;
				CLANG_WARN_INFINITE_RECURSION = YES;
				CLANG_WARN_INT_CONVERSION = YES;
				CLANG_WARN_NON_LITERAL_NULL_CONVERSION = YES;
				CLANG_WARN_OBJC_IMPLICIT_RETAIN_SELF = YES;
				CLANG_WARN_OBJC_LITERAL_CONVERSION = YES;
				CLANG_WARN_OBJC_ROOT_CLASS = YES_ERROR;
				CLANG_WARN_QUOTED_INCLUDE_IN_FRAMEWORK_HEADER = YES;
				CLANG_WARN_RANGE_LOOP_ANALYSIS = YES;
				CLANG_WARN_STRICT_PROTOTYPES = YES;
				CLANG_WARN_SUSPICIOUS_MOVE = YES;
				CLANG_WARN_UNGUARDED_AVAILABILITY = YES_AGGRESSIVE;
				CLANG_WARN_UNREACHABLE_CODE = YES;
				CLANG_WARN__DUPLICATE_METHOD_MATCH = YES;
				COPY_PHASE_STRIP = NO;
				DEBUG_INFORMATION_FORMAT = "dwarf-with-dsym";
				ENABLE_NS_ASSERTIONS = NO;
				ENABLE_STRICT_OBJC_MSGSEND = YES;
				GCC_C_LANGUAGE_STANDARD = gnu11;
				GCC_NO_COMMON_BLOCKS = YES;
				GCC_WARN_64_TO_32_BIT_CONVERSION = YES;
				GCC_WARN_ABOUT_RETURN_TYPE = YES_ERROR;
				GCC_WARN_UNDECLARED_SELECTOR = YES;
				GCC_WARN_UNINITIALIZED_AUTOS = YES_AGGRESSIVE;
				GCC_WARN_UNUSED_FUNCTION = YES;
				GCC_WARN_UNUSED_VARIABLE = YES;
				IPHONEOS_DEPLOYMENT_TARGET = 14.1;
				MTL_ENABLE_DEBUG_INFO = NO;
				MTL_FAST_MATH = YES;
				SDKROOT = iphoneos;
				SWIFT_COMPILATION_MODE = wholemodule;
				SWIFT_OPTIMIZATION_LEVEL = "-O";
				VALIDATE_PRODUCT = YES;
			};
			name = Release;
		};
		18FC847A253DD815002020AD /* Debug */ = {
			isa = XCBuildConfiguration;
			buildSettings = {
				ASSETCATALOG_COMPILER_APPICON_NAME = AppIcon;
				ASSETCATALOG_COMPILER_GLOBAL_ACCENT_COLOR_NAME = AccentColor;
				CODE_SIGN_STYLE = Automatic;
				DEVELOPMENT_ASSET_PATHS = "\"Swift Simple Guide/Preview Content\"";
				DEVELOPMENT_TEAM = FERDZ549XT;
				ENABLE_PREVIEWS = YES;
				INFOPLIST_FILE = "Swift Simple Guide/Info.plist";
				IPHONEOS_DEPLOYMENT_TARGET = 14.0;
				LD_RUNPATH_SEARCH_PATHS = (
					"$(inherited)",
					"@executable_path/Frameworks",
				);
				PRODUCT_BUNDLE_IDENTIFIER = "Jakwir-Studio.Swift-Simple-Guide";
				PRODUCT_NAME = "$(TARGET_NAME)";
				SWIFT_VERSION = 5.0;
				TARGETED_DEVICE_FAMILY = "1,2";
			};
			name = Debug;
		};
		18FC847B253DD815002020AD /* Release */ = {
			isa = XCBuildConfiguration;
			buildSettings = {
				ASSETCATALOG_COMPILER_APPICON_NAME = AppIcon;
				ASSETCATALOG_COMPILER_GLOBAL_ACCENT_COLOR_NAME = AccentColor;
				CODE_SIGN_STYLE = Automatic;
				DEVELOPMENT_ASSET_PATHS = "\"Swift Simple Guide/Preview Content\"";
				DEVELOPMENT_TEAM = FERDZ549XT;
				ENABLE_PREVIEWS = YES;
				INFOPLIST_FILE = "Swift Simple Guide/Info.plist";
				IPHONEOS_DEPLOYMENT_TARGET = 14.0;
				LD_RUNPATH_SEARCH_PATHS = (
					"$(inherited)",
					"@executable_path/Frameworks",
				);
				PRODUCT_BUNDLE_IDENTIFIER = "Jakwir-Studio.Swift-Simple-Guide";
				PRODUCT_NAME = "$(TARGET_NAME)";
				SWIFT_VERSION = 5.0;
				TARGETED_DEVICE_FAMILY = "1,2";
			};
			name = Release;
		};
/* End XCBuildConfiguration section */

/* Begin XCConfigurationList section */
		18FC8465253DD813002020AD /* Build configuration list for PBXProject "Swift Simple Guide" */ = {
			isa = XCConfigurationList;
			buildConfigurations = (
				18FC8477253DD815002020AD /* Debug */,
				18FC8478253DD815002020AD /* Release */,
			);
			defaultConfigurationIsVisible = 0;
			defaultConfigurationName = Release;
		};
		18FC8479253DD815002020AD /* Build configuration list for PBXNativeTarget "Swift Simple Guide" */ = {
			isa = XCConfigurationList;
			buildConfigurations = (
				18FC847A253DD815002020AD /* Debug */,
				18FC847B253DD815002020AD /* Release */,
			);
			defaultConfigurationIsVisible = 0;
			defaultConfigurationName = Release;
		};
/* End XCConfigurationList section */
	};
	rootObject = 18FC8462253DD813002020AD /* Project object */;
}
